
Microsoft Visual Studio Solution File, Format Version 12.00
# Visual Studio Version 16
VisualStudioVersion = 16.0.29911.98
MinimumVisualStudioVersion = 10.0.40219.1
Project("{9A19103F-16F7-4668-BE54-9A1E7A4F7556}") = "WebAssembly", "WebAssembly\WebAssembly.csproj", "{CF4C766B-E79E-4074-842D-7A624D11A905}"
EndProject
Project("{9A19103F-16F7-4668-BE54-9A1E7A4F7556}") = "IdentityProvider", "IdentityProvider\IdentityProvider.csproj", "{3F7509D9-3A9B-4FBD-B563-5FCEF24C81AA}"
EndProject
Project("{9A19103F-16F7-4668-BE54-9A1E7A4F7556}") = "WeatherApi", "WeatherApi\WeatherApi.csproj", "{9C0EA9C2-D8F9-4B05-859C-CA80AD8FAB5D}"
EndProject
Project("{2150E333-8FDC-42A3-9474-1A3956D46DE8}") = "Blazor Wasm", "Blazor Wasm", "{97B1EAFB-4705-48E6-92B1-6F50739043A7}"
EndProject
Global
	GlobalSection(SolutionConfigurationPlatforms) = preSolution
		Debug|Any CPU = Debug|Any CPU
		Release|Any CPU = Release|Any CPU
	EndGlobalSection
	GlobalSection(ProjectConfigurationPlatforms) = postSolution
		{CF4C766B-E79E-4074-842D-7A624D11A905}.Debug|Any CPU.ActiveCfg = Debug|Any CPU
		{CF4C766B-E79E-4074-842D-7A624D11A905}.Debug|Any CPU.Build.0 = Debug|Any CPU
		{CF4C766B-E79E-4074-842D-7A624D11A905}.Release|Any CPU.ActiveCfg = Release|Any CPU
		{CF4C766B-E79E-4074-842D-7A624D11A905}.Release|Any CPU.Build.0 = Release|Any CPU
		{3F7509D9-3A9B-4FBD-B563-5FCEF24C81AA}.Debug|Any CPU.ActiveCfg = Debug|Any CPU
		{3F7509D9-3A9B-4FBD-B563-5FCEF24C81AA}.Debug|Any CPU.Build.0 = Debug|Any CPU
		{3F7509D9-3A9B-4FBD-B563-5FCEF24C81AA}.Release|Any CPU.ActiveCfg = Release|Any CPU
		{3F7509D9-3A9B-4FBD-B563-5FCEF24C81AA}.Release|Any CPU.Build.0 = Release|Any CPU
		{9C0EA9C2-D8F9-4B05-859C-CA80AD8FAB5D}.Debug|Any CPU.ActiveCfg = Debug|Any CPU
		{9C0EA9C2-D8F9-4B05-859C-CA80AD8FAB5D}.Debug|Any CPU.Build.0 = Debug|Any CPU
		{9C0EA9C2-D8F9-4B05-859C-CA80AD8FAB5D}.Release|Any CPU.ActiveCfg = Release|Any CPU
		{9C0EA9C2-D8F9-4B05-859C-CA80AD8FAB5D}.Release|Any CPU.Build.0 = Release|Any CPU
	EndGlobalSection
	GlobalSection(SolutionProperties) = preSolution
		HideSolutionNode = FALSE
	EndGlobalSection
	GlobalSection(NestedProjects) = preSolution
		{CF4C766B-E79E-4074-842D-7A624D11A905} = {97B1EAFB-4705-48E6-92B1-6F50739043A7}
		{3F7509D9-3A9B-4FBD-B563-5FCEF24C81AA} = {97B1EAFB-4705-48E6-92B1-6F50739043A7}
		{9C0EA9C2-D8F9-4B05-859C-CA80AD8FAB5D} = {97B1EAFB-4705-48E6-92B1-6F50739043A7}
	EndGlobalSection
	GlobalSection(ExtensibilityGlobals) = postSolution
		SolutionGuid = {03B68E40-438E-4BA8-8934-66463CFD0DAA}
	EndGlobalSection
EndGlobal
